
Microsoft Visual Studio Solution File, Format Version 12.00
# Visual Studio Version 17
VisualStudioVersion = 17.4.33403.182
MinimumVisualStudioVersion = 10.0.40219.1
Project("{FAE04EC0-301F-11D3-BF4B-00C04F79EFBC}") = "MvcCoreCrudDepartamentosEF", "MvcCoreCrudDepartamentosEF\MvcCoreCrudDepartamentosEF.csproj", "{FFD28EF3-E77A-441F-A706-7CFC4134C7FD}"
EndProject
Global
	GlobalSection(SolutionConfigurationPlatforms) = preSolution
		Debug|Any CPU = Debug|Any CPU
		Release|Any CPU = Release|Any CPU
	EndGlobalSection
	GlobalSection(ProjectConfigurationPlatforms) = postSolution
		{FFD28EF3-E77A-441F-A706-7CFC4134C7FD}.Debug|Any CPU.ActiveCfg = Debug|Any CPU
		{FFD28EF3-E77A-441F-A706-7CFC4134C7FD}.Debug|Any CPU.Build.0 = Debug|Any CPU
		{FFD28EF3-E77A-441F-A706-7CFC4134C7FD}.Release|Any CPU.ActiveCfg = Release|Any CPU
		{FFD28EF3-E77A-441F-A706-7CFC4134C7FD}.Release|Any CPU.Build.0 = Release|Any CPU
	EndGlobalSection
	GlobalSection(SolutionProperties) = preSolution
		HideSolutionNode = FALSE
	EndGlobalSection
	GlobalSection(ExtensibilityGlobals) = postSolution
		SolutionGuid = {CF88909B-8AA8-4ADC-88C0-12B2F2A1C53A}
	EndGlobalSection
EndGlobal
